
Microsoft Visual Studio Solution File, Format Version 12.00
# Visual Studio Version 17
VisualStudioVersion = 17.0.31903.59
MinimumVisualStudioVersion = 10.0.40219.1
Project("{2150E333-8FDC-42A3-9474-1A3956D46DE8}") = "src", "src", "{827E0CD3-B72D-47B6-A68D-7590B98EB39B}"
EndProject
Project("{FAE04EC0-301F-11D3-BF4B-00C04F79EFBC}") = "Conciliation.Domain", "src\Conciliation.Domain\Conciliation.Domain.csproj", "{0CE8034A-0133-4161-9CA5-C11238CE5039}"
EndProject
Project("{FAE04EC0-301F-11D3-BF4B-00C04F79EFBC}") = "Conciliation.Application", "src\Conciliation.Application\Conciliation.Application.csproj", "{76ADC8EA-2A38-485B-AC97-894B29E9761F}"
EndProject
Project("{FAE04EC0-301F-11D3-BF4B-00C04F79EFBC}") = "Conciliation.Infrastructure", "src\Conciliation.Infrastructure\Conciliation.Infrastructure.csproj", "{4F582FDD-D222-40AB-8524-7B7DBD48D155}"
EndProject
Project("{FAE04EC0-301F-11D3-BF4B-00C04F79EFBC}") = "Conciliation.Api", "src\Conciliation.Api\Conciliation.Api.csproj", "{F6174FAB-5F55-4693-9CE0-A5963B011432}"
EndProject
Global
	GlobalSection(SolutionConfigurationPlatforms) = preSolution
		Debug|Any CPU = Debug|Any CPU
		Debug|x64 = Debug|x64
		Debug|x86 = Debug|x86
		Release|Any CPU = Release|Any CPU
		Release|x64 = Release|x64
		Release|x86 = Release|x86
	EndGlobalSection
	GlobalSection(ProjectConfigurationPlatforms) = postSolution
		{0CE8034A-0133-4161-9CA5-C11238CE5039}.Debug|Any CPU.ActiveCfg = Debug|Any CPU
		{0CE8034A-0133-4161-9CA5-C11238CE5039}.Debug|Any CPU.Build.0 = Debug|Any CPU
		{0CE8034A-0133-4161-9CA5-C11238CE5039}.Debug|x64.ActiveCfg = Debug|Any CPU
		{0CE8034A-0133-4161-9CA5-C11238CE5039}.Debug|x64.Build.0 = Debug|Any CPU
		{0CE8034A-0133-4161-9CA5-C11238CE5039}.Debug|x86.ActiveCfg = Debug|Any CPU
		{0CE8034A-0133-4161-9CA5-C11238CE5039}.Debug|x86.Build.0 = Debug|Any CPU
		{0CE8034A-0133-4161-9CA5-C11238CE5039}.Release|Any CPU.ActiveCfg = Release|Any CPU
		{0CE8034A-0133-4161-9CA5-C11238CE5039}.Release|Any CPU.Build.0 = Release|Any CPU
		{0CE8034A-0133-4161-9CA5-C11238CE5039}.Release|x64.ActiveCfg = Release|Any CPU
		{0CE8034A-0133-4161-9CA5-C11238CE5039}.Release|x64.Build.0 = Release|Any CPU
		{0CE8034A-0133-4161-9CA5-C11238CE5039}.Release|x86.ActiveCfg = Release|Any CPU
		{0CE8034A-0133-4161-9CA5-C11238CE5039}.Release|x86.Build.0 = Release|Any CPU
		{76ADC8EA-2A38-485B-AC97-894B29E9761F}.Debug|Any CPU.ActiveCfg = Debug|Any CPU
		{76ADC8EA-2A38-485B-AC97-894B29E9761F}.Debug|Any CPU.Build.0 = Debug|Any CPU
		{76ADC8EA-2A38-485B-AC97-894B29E9761F}.Debug|x64.ActiveCfg = Debug|Any CPU
		{76ADC8EA-2A38-485B-AC97-894B29E9761F}.Debug|x64.Build.0 = Debug|Any CPU
		{76ADC8EA-2A38-485B-AC97-894B29E9761F}.Debug|x86.ActiveCfg = Debug|Any CPU
		{76ADC8EA-2A38-485B-AC97-894B29E9761F}.Debug|x86.Build.0 = Debug|Any CPU
		{76ADC8EA-2A38-485B-AC97-894B29E9761F}.Release|Any CPU.ActiveCfg = Release|Any CPU
		{76ADC8EA-2A38-485B-AC97-894B29E9761F}.Release|Any CPU.Build.0 = Release|Any CPU
		{76ADC8EA-2A38-485B-AC97-894B29E9761F}.Release|x64.ActiveCfg = Release|Any CPU
		{76ADC8EA-2A38-485B-AC97-894B29E9761F}.Release|x64.Build.0 = Release|Any CPU
		{76ADC8EA-2A38-485B-AC97-894B29E9761F}.Release|x86.ActiveCfg = Release|Any CPU
		{76ADC8EA-2A38-485B-AC97-894B29E9761F}.Release|x86.Build.0 = Release|Any CPU
		{4F582FDD-D222-40AB-8524-7B7DBD48D155}.Debug|Any CPU.ActiveCfg = Debug|Any CPU
		{4F582FDD-D222-40AB-8524-7B7DBD48D155}.Debug|Any CPU.Build.0 = Debug|Any CPU
		{4F582FDD-D222-40AB-8524-7B7DBD48D155}.Debug|x64.ActiveCfg = Debug|Any CPU
		{4F582FDD-D222-40AB-8524-7B7DBD48D155}.Debug|x64.Build.0 = Debug|Any CPU
		{4F582FDD-D222-40AB-8524-7B7DBD48D155}.Debug|x86.ActiveCfg = Debug|Any CPU
		{4F582FDD-D222-40AB-8524-7B7DBD48D155}.Debug|x86.Build.0 = Debug|Any CPU
		{4F582FDD-D222-40AB-8524-7B7DBD48D155}.Release|Any CPU.ActiveCfg = Release|Any CPU
		{4F582FDD-D222-40AB-8524-7B7DBD48D155}.Release|Any CPU.Build.0 = Release|Any CPU
		{4F582FDD-D222-40AB-8524-7B7DBD48D155}.Release|x64.ActiveCfg = Release|Any CPU
		{4F582FDD-D222-40AB-8524-7B7DBD48D155}.Release|x64.Build.0 = Release|Any CPU
		{4F582FDD-D222-40AB-8524-7B7DBD48D155}.Release|x86.ActiveCfg = Release|Any CPU
		{4F582FDD-D222-40AB-8524-7B7DBD48D155}.Release|x86.Build.0 = Release|Any CPU
		{F6174FAB-5F55-4693-9CE0-A5963B011432}.Debug|Any CPU.ActiveCfg = Debug|Any CPU
		{F6174FAB-5F55-4693-9CE0-A5963B011432}.Debug|Any CPU.Build.0 = Debug|Any CPU
		{F6174FAB-5F55-4693-9CE0-A5963B011432}.Debug|x64.ActiveCfg = Debug|Any CPU
		{F6174FAB-5F55-4693-9CE0-A5963B011432}.Debug|x64.Build.0 = Debug|Any CPU
		{F6174FAB-5F55-4693-9CE0-A5963B011432}.Debug|x86.ActiveCfg = Debug|Any CPU
		{F6174FAB-5F55-4693-9CE0-A5963B011432}.Debug|x86.Build.0 = Debug|Any CPU
		{F6174FAB-5F55-4693-9CE0-A5963B011432}.Release|Any CPU.ActiveCfg = Release|Any CPU
		{F6174FAB-5F55-4693-9CE0-A5963B011432}.Release|Any CPU.Build.0 = Release|Any CPU
		{F6174FAB-5F55-4693-9CE0-A5963B011432}.Release|x64.ActiveCfg = Release|Any CPU
		{F6174FAB-5F55-4693-9CE0-A5963B011432}.Release|x64.Build.0 = Release|Any CPU
		{F6174FAB-5F55-4693-9CE0-A5963B011432}.Release|x86.ActiveCfg = Release|Any CPU
		{F6174FAB-5F55-4693-9CE0-A5963B011432}.Release|x86.Build.0 = Release|Any CPU
	EndGlobalSection
	GlobalSection(SolutionProperties) = preSolution
		HideSolutionNode = FALSE
	EndGlobalSection
	GlobalSection(NestedProjects) = preSolution
		{0CE8034A-0133-4161-9CA5-C11238CE5039} = {827E0CD3-B72D-47B6-A68D-7590B98EB39B}
		{76ADC8EA-2A38-485B-AC97-894B29E9761F} = {827E0CD3-B72D-47B6-A68D-7590B98EB39B}
		{4F582FDD-D222-40AB-8524-7B7DBD48D155} = {827E0CD3-B72D-47B6-A68D-7590B98EB39B}
		{F6174FAB-5F55-4693-9CE0-A5963B011432} = {827E0CD3-B72D-47B6-A68D-7590B98EB39B}
	EndGlobalSection
EndGlobal
